// !$*UTF8*$!
{
	archiveVersion = 1;
	classes = {
	};
	objectVersion = 46;
	objects = {

/* Begin PBXBuildFile section */
		6A1494FB1DACC37C0063F76E /* main.m in Sources */ = {isa = PBXBuildFile; fileRef = 6A1494FA1DACC37C0063F76E /* main.m */; };
		6A1494FE1DACC37C0063F76E /* AppDelegate.m in Sources */ = {isa = PBXBuildFile; fileRef = 6A1494FD1DACC37C0063F76E /* AppDelegate.m */; };
		6A1495011DACC37C0063F76E /* ViewController.m in Sources */ = {isa = PBXBuildFile; fileRef = 6A1495001DACC37C0063F76E /* ViewController.m */; };
		6A1495041DACC37C0063F76E /* Main.storyboard in Resources */ = {isa = PBXBuildFile; fileRef = 6A1495021DACC37C0063F76E /* Main.storyboard */; };
		6A1495061DACC37C0063F76E /* Assets.xcassets in Resources */ = {isa = PBXBuildFile; fileRef = 6A1495051DACC37C0063F76E /* Assets.xcassets */; };
		6A1495091DACC37C0063F76E /* LaunchScreen.storyboard in Resources */ = {isa = PBXBuildFile; fileRef = 6A1495071DACC37C0063F76E /* LaunchScreen.storyboard */; };
		6A1495141DACC37C0063F76E /* Rares_GitTutorialTests.m in Sources */ = {isa = PBXBuildFile; fileRef = 6A1495131DACC37C0063F76E /* Rares_GitTutorialTests.m */; };
		6A14951F1DACC37C0063F76E /* Rares_GitTutorialUITests.m in Sources */ = {isa = PBXBuildFile; fileRef = 6A14951E1DACC37C0063F76E /* Rares_GitTutorialUITests.m */; };
/* End PBXBuildFile section */

/* Begin PBXContainerItemProxy section */
		6A1495101DACC37C0063F76E /* PBXContainerItemProxy */ = {
			isa = PBXContainerItemProxy;
			containerPortal = 6A1494EE1DACC37C0063F76E /* Project object */;
			proxyType = 1;
			remoteGlobalIDString = 6A1494F51DACC37C0063F76E;
			remoteInfo = "Rares GitTutorial";
		};
		6A14951B1DACC37C0063F76E /* PBXContainerItemProxy */ = {
			isa = PBXContainerItemProxy;
			containerPortal = 6A1494EE1DACC37C0063F76E /* Project object */;
			proxyType = 1;
			remoteGlobalIDString = 6A1494F51DACC37C0063F76E;
			remoteInfo = "Rares GitTutorial";
		};
/* End PBXContainerItemProxy section */

/* Begin PBXFileReference section */
		6A1494F61DACC37C0063F76E /* Rares GitTutorial.app */ = {isa = PBXFileReference; explicitFileType = wrapper.application; includeInIndex = 0; path = "Rares GitTutorial.app"; sourceTree = BUILT_PRODUCTS_DIR; };
		6A1494FA1DACC37C0063F76E /* main.m */ = {isa = PBXFileReference; lastKnownFileType = sourcecode.c.objc; path = main.m; sourceTree = "<group>"; };
		6A1494FC1DACC37C0063F76E /* AppDelegate.h */ = {isa = PBXFileReference; lastKnownFileType = sourcecode.c.h; path = AppDelegate.h; sourceTree = "<group>"; };
		6A1494FD1DACC37C0063F76E /* AppDelegate.m */ = {isa = PBXFileReference; lastKnownFileType = sourcecode.c.objc; path = AppDelegate.m; sourceTree = "<group>"; };
		6A1494FF1DACC37C0063F76E /* ViewController.h */ = {isa = PBXFileReference; lastKnownFileType = sourcecode.c.h; path = ViewController.h; sourceTree = "<group>"; };
		6A1495001DACC37C0063F76E /* ViewController.m */ = {isa = PBXFileReference; lastKnownFileType = sourcecode.c.objc; path = ViewController.m; sourceTree = "<group>"; };
		6A1495031DACC37C0063F76E /* Base */ = {isa = PBXFileReference; lastKnownFileType = file.storyboard; name = Base; path = Base.lproj/Main.storyboard; sourceTree = "<group>"; };
		6A1495051DACC37C0063F76E /* Assets.xcassets */ = {isa = PBXFileReference; lastKnownFileType = folder.assetcatalog; path = Assets.xcassets; sourceTree = "<group>"; };
		6A1495081DACC37C0063F76E /* Base */ = {isa = PBXFileReference; lastKnownFileType = file.storyboard; name = Base; path = Base.lproj/LaunchScreen.storyboard; sourceTree = "<group>"; };
		6A14950A1DACC37C0063F76E /* Info.plist */ = {isa = PBXFileReference; lastKnownFileType = text.plist.xml; path = Info.plist; sourceTree = "<group>"; };
		6A14950F1DACC37C0063F76E /* Rares GitTutorialTests.xctest */ = {isa = PBXFileReference; explicitFileType = wrapper.cfbundle; includeInIndex = 0; path = "Rares GitTutorialTests.xctest"; sourceTree = BUILT_PRODUCTS_DIR; };
		6A1495131DACC37C0063F76E /* Rares_GitTutorialTests.m */ = {isa = PBXFileReference; lastKnownFileType = sourcecode.c.objc; path = Rares_GitTutorialTests.m; sourceTree = "<group>"; };
		6A1495151DACC37C0063F76E /* Info.plist */ = {isa = PBXFileReference; lastKnownFileType = text.plist.xml; path = Info.plist; sourceTree = "<group>"; };
		6A14951A1DACC37C0063F76E /* Rares GitTutorialUITests.xctest */ = {isa = PBXFileReference; explicitFileType = wrapper.cfbundle; includeInIndex = 0; path = "Rares GitTutorialUITests.xctest"; sourceTree = BUILT_PRODUCTS_DIR; };
		6A14951E1DACC37C0063F76E /* Rares_GitTutorialUITests.m */ = {isa = PBXFileReference; lastKnownFileType = sourcecode.c.objc; path = Rares_GitTutorialUITests.m; sourceTree = "<group>"; };
		6A1495201DACC37C0063F76E /* Info.plist */ = {isa = PBXFileReference; lastKnownFileType = text.plist.xml; path = Info.plist; sourceTree = "<group>"; };
/* End PBXFileReference section */

/* Begin PBXFrameworksBuildPhase section */
		6A1494F31DACC37C0063F76E /* Frameworks */ = {
			isa = PBXFrameworksBuildPhase;
			buildActionMask = 2147483647;
			files = (
			);
			runOnlyForDeploymentPostprocessing = 0;
		};
		6A14950C1DACC37C0063F76E /* Frameworks */ = {
			isa = PBXFrameworksBuildPhase;
			buildActionMask = 2147483647;
			files = (
			);
			runOnlyForDeploymentPostprocessing = 0;
		};
		6A1495171DACC37C0063F76E /* Frameworks */ = {
			isa = PBXFrameworksBuildPhase;
			buildActionMask = 2147483647;
			files = (
			);
			runOnlyForDeploymentPostprocessing = 0;
		};
/* End PBXFrameworksBuildPhase section */

/* Begin PBXGroup section */
		6A1494ED1DACC37C0063F76E = {
			isa = PBXGroup;
			children = (
				6A1494F81DACC37C0063F76E /* Rares GitTutorial */,
				6A1495121DACC37C0063F76E /* Rares GitTutorialTests */,
				6A14951D1DACC37C0063F76E /* Rares GitTutorialUITests */,
				6A1494F71DACC37C0063F76E /* Products */,
			);
			sourceTree = "<group>";
		};
		6A1494F71DACC37C0063F76E /* Products */ = {
			isa = PBXGroup;
			children = (
				6A1494F61DACC37C0063F76E /* Rares GitTutorial.app */,
				6A14950F1DACC37C0063F76E /* Rares GitTutorialTests.xctest */,
				6A14951A1DACC37C0063F76E /* Rares GitTutorialUITests.xctest */,
			);
			name = Products;
			sourceTree = "<group>";
		};
		6A1494F81DACC37C0063F76E /* Rares GitTutorial */ = {
			isa = PBXGroup;
			children = (
				6A1494FC1DACC37C0063F76E /* AppDelegate.h */,
				6A1494FD1DACC37C0063F76E /* AppDelegate.m */,
				6A1494FF1DACC37C0063F76E /* ViewController.h */,
				6A1495001DACC37C0063F76E /* ViewController.m */,
				6A1495021DACC37C0063F76E /* Main.storyboard */,
				6A1495051DACC37C0063F76E /* Assets.xcassets */,
				6A1495071DACC37C0063F76E /* LaunchScreen.storyboard */,
				6A14950A1DACC37C0063F76E /* Info.plist */,
				6A1494F91DACC37C0063F76E /* Supporting Files */,
			);
			path = "Rares GitTutorial";
			sourceTree = "<group>";
		};
		6A1494F91DACC37C0063F76E /* Supporting Files */ = {
			isa = PBXGroup;
			children = (
				6A1494FA1DACC37C0063F76E /* main.m */,
			);
			name = "Supporting Files";
			sourceTree = "<group>";
		};
		6A1495121DACC37C0063F76E /* Rares GitTutorialTests */ = {
			isa = PBXGroup;
			children = (
				6A1495131DACC37C0063F76E /* Rares_GitTutorialTests.m */,
				6A1495151DACC37C0063F76E /* Info.plist */,
			);
			path = "Rares GitTutorialTests";
			sourceTree = "<group>";
		};
		6A14951D1DACC37C0063F76E /* Rares GitTutorialUITests */ = {
			isa = PBXGroup;
			children = (
				6A14951E1DACC37C0063F76E /* Rares_GitTutorialUITests.m */,
				6A1495201DACC37C0063F76E /* Info.plist */,
			);
			path = "Rares GitTutorialUITests";
			sourceTree = "<group>";
		};
/* End PBXGroup section */

/* Begin PBXNativeTarget section */
		6A1494F51DACC37C0063F76E /* Rares GitTutorial */ = {
			isa = PBXNativeTarget;
			buildConfigurationList = 6A1495231DACC37C0063F76E /* Build configuration list for PBXNativeTarget "Rares GitTutorial" */;
			buildPhases = (
				6A1494F21DACC37C0063F76E /* Sources */,
				6A1494F31DACC37C0063F76E /* Frameworks */,
				6A1494F41DACC37C0063F76E /* Resources */,
			);
			buildRules = (
			);
			dependencies = (
			);
			name = "Rares GitTutorial";
			productName = "Rares GitTutorial";
			productReference = 6A1494F61DACC37C0063F76E /* Rares GitTutorial.app */;
			productType = "com.apple.product-type.application";
		};
		6A14950E1DACC37C0063F76E /* Rares GitTutorialTests */ = {
			isa = PBXNativeTarget;
			buildConfigurationList = 6A1495261DACC37C0063F76E /* Build configuration list for PBXNativeTarget "Rares GitTutorialTests" */;
			buildPhases = (
				6A14950B1DACC37C0063F76E /* Sources */,
				6A14950C1DACC37C0063F76E /* Frameworks */,
				6A14950D1DACC37C0063F76E /* Resources */,
			);
			buildRules = (
			);
			dependencies = (
				6A1495111DACC37C0063F76E /* PBXTargetDependency */,
			);
			name = "Rares GitTutorialTests";
			productName = "Rares GitTutorialTests";
			productReference = 6A14950F1DACC37C0063F76E /* Rares GitTutorialTests.xctest */;
			productType = "com.apple.product-type.bundle.unit-test";
		};
		6A1495191DACC37C0063F76E /* Rares GitTutorialUITests */ = {
			isa = PBXNativeTarget;
			buildConfigurationList = 6A1495291DACC37C0063F76E /* Build configuration list for PBXNativeTarget "Rares GitTutorialUITests" */;
			buildPhases = (
				6A1495161DACC37C0063F76E /* Sources */,
				6A1495171DACC37C0063F76E /* Frameworks */,
				6A1495181DACC37C0063F76E /* Resources */,
			);
			buildRules = (
			);
			dependencies = (
				6A14951C1DACC37C0063F76E /* PBXTargetDependency */,
			);
			name = "Rares GitTutorialUITests";
			productName = "Rares GitTutorialUITests";
			productReference = 6A14951A1DACC37C0063F76E /* Rares GitTutorialUITests.xctest */;
			productType = "com.apple.product-type.bundle.ui-testing";
		};
/* End PBXNativeTarget section */

/* Begin PBXProject section */
		6A1494EE1DACC37C0063F76E /* Project object */ = {
			isa = PBXProject;
			attributes = {
				LastUpgradeCheck = 0800;
				ORGANIZATIONNAME = "iOS Developer";
				TargetAttributes = {
					6A1494F51DACC37C0063F76E = {
						CreatedOnToolsVersion = 8.0;
						ProvisioningStyle = Automatic;
					};
					6A14950E1DACC37C0063F76E = {
						CreatedOnToolsVersion = 8.0;
						ProvisioningStyle = Automatic;
						TestTargetID = 6A1494F51DACC37C0063F76E;
					};
					6A1495191DACC37C0063F76E = {
						CreatedOnToolsVersion = 8.0;
						ProvisioningStyle = Automatic;
						TestTargetID = 6A1494F51DACC37C0063F76E;
					};
				};
			};
			buildConfigurationList = 6A1494F11DACC37C0063F76E /* Build configuration list for PBXProject "Rares GitTutorial" */;
			compatibilityVersion = "Xcode 3.2";
			developmentRegion = English;
			hasScannedForEncodings = 0;
			knownRegions = (
				en,
				Base,
			);
			mainGroup = 6A1494ED1DACC37C0063F76E;
			productRefGroup = 6A1494F71DACC37C0063F76E /* Products */;
			projectDirPath = "";
			projectRoot = "";
			targets = (
				6A1494F51DACC37C0063F76E /* Rares GitTutorial */,
				6A14950E1DACC37C0063F76E /* Rares GitTutorialTests */,
				6A1495191DACC37C0063F76E /* Rares GitTutorialUITests */,
			);
		};
/* End PBXProject section */

/* Begin PBXResourcesBuildPhase section */
		6A1494F41DACC37C0063F76E /* Resources */ = {
			isa = PBXResourcesBuildPhase;
			buildActionMask = 2147483647;
			files = (
				6A1495091DACC37C0063F76E /* LaunchScreen.storyboard in Resources */,
				6A1495061DACC37C0063F76E /* Assets.xcassets in Resources */,
				6A1495041DACC37C0063F76E /* Main.storyboard in Resources */,
			);
			runOnlyForDeploymentPostprocessing = 0;
		};
		6A14950D1DACC37C0063F76E /* Resources */ = {
			isa = PBXResourcesBuildPhase;
			buildActionMask = 2147483647;
			files = (
			);
			runOnlyForDeploymentPostprocessing = 0;
		};
		6A1495181DACC37C0063F76E /* Resources */ = {
			isa = PBXResourcesBuildPhase;
			buildActionMask = 2147483647;
			files = (
			);
			runOnlyForDeploymentPostprocessing = 0;
		};
/* End PBXResourcesBuildPhase section */

/* Begin PBXSourcesBuildPhase section */
		6A1494F21DACC37C0063F76E /* Sources */ = {
			isa = PBXSourcesBuildPhase;
			buildActionMask = 2147483647;
			files = (
				6A1495011DACC37C0063F76E /* ViewController.m in Sources */,
				6A1494FE1DACC37C0063F76E /* AppDelegate.m in Sources */,
				6A1494FB1DACC37C0063F76E /* main.m in Sources */,
			);
			runOnlyForDeploymentPostprocessing = 0;
		};
		6A14950B1DACC37C0063F76E /* Sources */ = {
			isa = PBXSourcesBuildPhase;
			buildActionMask = 2147483647;
			files = (
				6A1495141DACC37C0063F76E /* Rares_GitTutorialTests.m in Sources */,
			);
			runOnlyForDeploymentPostprocessing = 0;
		};
		6A1495161DACC37C0063F76E /* Sources */ = {
			isa = PBXSourcesBuildPhase;
			buildActionMask = 2147483647;
			files = (
				6A14951F1DACC37C0063F76E /* Rares_GitTutorialUITests.m in Sources */,
			);
			runOnlyForDeploymentPostprocessing = 0;
		};
/* End PBXSourcesBuildPhase section */

/* Begin PBXTargetDependency section */
		6A1495111DACC37C0063F76E /* PBXTargetDependency */ = {
			isa = PBXTargetDependency;
			target = 6A1494F51DACC37C0063F76E /* Rares GitTutorial */;
			targetProxy = 6A1495101DACC37C0063F76E /* PBXContainerItemProxy */;
		};
		6A14951C1DACC37C0063F76E /* PBXTargetDependency */ = {
			isa = PBXTargetDependency;
			target = 6A1494F51DACC37C0063F76E /* Rares GitTutorial */;
			targetProxy = 6A14951B1DACC37C0063F76E /* PBXContainerItemProxy */;
		};
/* End PBXTargetDependency section */

/* Begin PBXVariantGroup section */
		6A1495021DACC37C0063F76E /* Main.storyboard */ = {
			isa = PBXVariantGroup;
			children = (
				6A1495031DACC37C0063F76E /* Base */,
			);
			name = Main.storyboard;
			sourceTree = "<group>";
		};
		6A1495071DACC37C0063F76E /* LaunchScreen.storyboard */ = {
			isa = PBXVariantGroup;
			children = (
				6A1495081DACC37C0063F76E /* Base */,
			);
			name = LaunchScreen.storyboard;
			sourceTree = "<group>";
		};
/* End PBXVariantGroup section */

/* Begin XCBuildConfiguration section */
		6A1495211DACC37C0063F76E /* Debug */ = {
			isa = XCBuildConfiguration;
			buildSettings = {
				ALWAYS_SEARCH_USER_PATHS = NO;
				CLANG_ANALYZER_NONNULL = YES;
				CLANG_CXX_LANGUAGE_STANDARD = "gnu++0x";
				CLANG_CXX_LIBRARY = "libc++";
				CLANG_ENABLE_MODULES = YES;
				CLANG_ENABLE_OBJC_ARC = YES;
				CLANG_WARN_BOOL_CONVERSION = YES;
				CLANG_WARN_CONSTANT_CONVERSION = YES;
				CLANG_WARN_DIRECT_OBJC_ISA_USAGE = YES_ERROR;
				CLANG_WARN_DOCUMENTATION_COMMENTS = YES;
				CLANG_WARN_EMPTY_BODY = YES;
				CLANG_WARN_ENUM_CONVERSION = YES;
				CLANG_WARN_INFINITE_RECURSION = YES;
				CLANG_WARN_INT_CONVERSION = YES;
				CLANG_WARN_OBJC_ROOT_CLASS = YES_ERROR;
				CLANG_WARN_SUSPICIOUS_MOVES = YES;
				CLANG_WARN_UNREACHABLE_CODE = YES;
				CLANG_WARN__DUPLICATE_METHOD_MATCH = YES;
				"CODE_SIGN_IDENTITY[sdk=iphoneos*]" = "iPhone Developer";
				COPY_PHASE_STRIP = NO;
				DEBUG_INFORMATION_FORMAT = dwarf;
				ENABLE_STRICT_OBJC_MSGSEND = YES;
				ENABLE_TESTABILITY = YES;
				GCC_C_LANGUAGE_STANDARD = gnu99;
				GCC_DYNAMIC_NO_PIC = NO;
				GCC_NO_COMMON_BLOCKS = YES;
				GCC_OPTIMIZATION_LEVEL = 0;
				GCC_PREPROCESSOR_DEFINITIONS = (
					"DEBUG=1",
					"$(inherited)",
				);
				GCC_WARN_64_TO_32_BIT_CONVERSION = YES;
				GCC_WARN_ABOUT_RETURN_TYPE = YES_ERROR;
				GCC_WARN_UNDECLARED_SELECTOR = YES;
				GCC_WARN_UNINITIALIZED_AUTOS = YES_AGGRESSIVE;
				GCC_WARN_UNUSED_FUNCTION = YES;
				GCC_WARN_UNUSED_VARIABLE = YES;
				IPHONEOS_DEPLOYMENT_TARGET = 10.0;
				MTL_ENABLE_DEBUG_INFO = YES;
				ONLY_ACTIVE_ARCH = YES;
				SDKROOT = iphoneos;
				TARGETED_DEVICE_FAMILY = "1,2";
			};
			name = Debug;
		};
		6A1495221DACC37C0063F76E /* Release */ = {
			isa = XCBuildConfiguration;
			buildSettings = {
				ALWAYS_SEARCH_USER_PATHS = NO;
				CLANG_ANALYZER_NONNULL = YES;
				CLANG_CXX_LANGUAGE_STANDARD = "gnu++0x";
				CLANG_CXX_LIBRARY = "libc++";
				CLANG_ENABLE_MODULES = YES;
				CLANG_ENABLE_OBJC_ARC = YES;
				CLANG_WARN_BOOL_CONVERSION = YES;
				CLANG_WARN_CONSTANT_CONVERSION = YES;
				CLANG_WARN_DIRECT_OBJC_ISA_USAGE = YES_ERROR;
				CLANG_WARN_DOCUMENTATION_COMMENTS = YES;
				CLANG_WARN_EMPTY_BODY = YES;
				CLANG_WARN_ENUM_CONVERSION = YES;
				CLANG_WARN_INFINITE_RECURSION = YES;
				CLANG_WARN_INT_CONVERSION = YES;
				CLANG_WARN_OBJC_ROOT_CLASS = YES_ERROR;
				CLANG_WARN_SUSPICIOUS_MOVES = YES;
				CLANG_WARN_UNREACHABLE_CODE = YES;
				CLANG_WARN__DUPLICATE_METHOD_MATCH = YES;
				"CODE_SIGN_IDENTITY[sdk=iphoneos*]" = "iPhone Developer";
				COPY_PHASE_STRIP = NO;
				DEBUG_INFORMATION_FORMAT = "dwarf-with-dsym";
				ENABLE_NS_ASSERTIONS = NO;
				ENABLE_STRICT_OBJC_MSGSEND = YES;
				GCC_C_LANGUAGE_STANDARD = gnu99;
				GCC_NO_COMMON_BLOCKS = YES;
				GCC_WARN_64_TO_32_BIT_CONVERSION = YES;
				GCC_WARN_ABOUT_RETURN_TYPE = YES_ERROR;
				GCC_WARN_UNDECLARED_SELECTOR = YES;
				GCC_WARN_UNINITIALIZED_AUTOS = YES_AGGRESSIVE;
				GCC_WARN_UNUSED_FUNCTION = YES;
				GCC_WARN_UNUSED_VARIABLE = YES;
				IPHONEOS_DEPLOYMENT_TARGET = 10.0;
				MTL_ENABLE_DEBUG_INFO = NO;
				SDKROOT = iphoneos;
				TARGETED_DEVICE_FAMILY = "1,2";
				VALIDATE_PRODUCT = YES;
			};
			name = Release;
		};
		6A1495241DACC37C0063F76E /* Debug */ = {
			isa = XCBuildConfiguration;
			buildSettings = {
				ASSETCATALOG_COMPILER_APPICON_NAME = AppIcon;
				INFOPLIST_FILE = "Rares GitTutorial/Info.plist";
				LD_RUNPATH_SEARCH_PATHS = "$(inherited) @executable_path/Frameworks";
				PRODUCT_BUNDLE_IDENTIFIER = "rares.Rares-GitTutorial";
				PRODUCT_NAME = "$(TARGET_NAME)";
			};
			name = Debug;
		};
		6A1495251DACC37C0063F76E /* Release */ = {
			isa = XCBuildConfiguration;
			buildSettings = {
				ASSETCATALOG_COMPILER_APPICON_NAME = AppIcon;
				INFOPLIST_FILE = "Rares GitTutorial/Info.plist";
				LD_RUNPATH_SEARCH_PATHS = "$(inherited) @executable_path/Frameworks";
				PRODUCT_BUNDLE_IDENTIFIER = "rares.Rares-GitTutorial";
				PRODUCT_NAME = "$(TARGET_NAME)";
			};
			name = Release;
		};
		6A1495271DACC37C0063F76E /* Debug */ = {
			isa = XCBuildConfiguration;
			buildSettings = {
				BUNDLE_LOADER = "$(TEST_HOST)";
				INFOPLIST_FILE = "Rares GitTutorialTests/Info.plist";
				LD_RUNPATH_SEARCH_PATHS = "$(inherited) @executable_path/Frameworks @loader_path/Frameworks";
				PRODUCT_BUNDLE_IDENTIFIER = "rares.Rares-GitTutorialTests";
				PRODUCT_NAME = "$(TARGET_NAME)";
				TEST_HOST = "$(BUILT_PRODUCTS_DIR)/Rares GitTutorial.app/Rares GitTutorial";
			};
			name = Debug;
		};
		6A1495281DACC37C0063F76E /* Release */ = {
			isa = XCBuildConfiguration;
			buildSettings = {
				BUNDLE_LOADER = "$(TEST_HOST)";
				INFOPLIST_FILE = "Rares GitTutorialTests/Info.plist";
				LD_RUNPATH_SEARCH_PATHS = "$(inherited) @executable_path/Frameworks @loader_path/Frameworks";
				PRODUCT_BUNDLE_IDENTIFIER = "rares.Rares-GitTutorialTests";
				PRODUCT_NAME = "$(TARGET_NAME)";
				TEST_HOST = "$(BUILT_PRODUCTS_DIR)/Rares GitTutorial.app/Rares GitTutorial";
			};
			name = Release;
		};
		6A14952A1DACC37C0063F76E /* Debug */ = {
			isa = XCBuildConfiguration;
			buildSettings = {
				INFOPLIST_FILE = "Rares GitTutorialUITests/Info.plist";
				LD_RUNPATH_SEARCH_PATHS = "$(inherited) @executable_path/Frameworks @loader_path/Frameworks";
				PRODUCT_BUNDLE_IDENTIFIER = "rares.Rares-GitTutorialUITests";
				PRODUCT_NAME = "$(TARGET_NAME)";
				TEST_TARGET_NAME = "Rares GitTutorial";
			};
			name = Debug;
		};
		6A14952B1DACC37C0063F76E /* Release */ = {
			isa = XCBuildConfiguration;
			buildSettings = {
				INFOPLIST_FILE = "Rares GitTutorialUITests/Info.plist";
				LD_RUNPATH_SEARCH_PATHS = "$(inherited) @executable_path/Frameworks @loader_path/Frameworks";
				PRODUCT_BUNDLE_IDENTIFIER = "rares.Rares-GitTutorialUITests";
				PRODUCT_NAME = "$(TARGET_NAME)";
				TEST_TARGET_NAME = "Rares GitTutorial";
			};
			name = Release;
		};
/* End XCBuildConfiguration section */

/* Begin XCConfigurationList section */
		6A1494F11DACC37C0063F76E /* Build configuration list for PBXProject "Rares GitTutorial" */ = {
			isa = XCConfigurationList;
			buildConfigurations = (
				6A1495211DACC37C0063F76E /* Debug */,
				6A1495221DACC37C0063F76E /* Release */,
			);
			defaultConfigurationIsVisible = 0;
			defaultConfigurationName = Release;
		};
		6A1495231DACC37C0063F76E /* Build configuration list for PBXNativeTarget "Rares GitTutorial" */ = {
			isa = XCConfigurationList;
			buildConfigurations = (
				6A1495241DACC37C0063F76E /* Debug */,
				6A1495251DACC37C0063F76E /* Release */,
			);
			defaultConfigurationIsVisible = 0;
		};
		6A1495261DACC37C0063F76E /* Build configuration list for PBXNativeTarget "Rares GitTutorialTests" */ = {
			isa = XCConfigurationList;
			buildConfigurations = (
				6A1495271DACC37C0063F76E /* Debug */,
				6A1495281DACC37C0063F76E /* Release */,
			);
			defaultConfigurationIsVisible = 0;
		};
		6A1495291DACC37C0063F76E /* Build configuration list for PBXNativeTarget "Rares GitTutorialUITests" */ = {
			isa = XCConfigurationList;
			buildConfigurations = (
				6A14952A1DACC37C0063F76E /* Debug */,
				6A14952B1DACC37C0063F76E /* Release */,
			);
			defaultConfigurationIsVisible = 0;
		};
/* End XCConfigurationList section */
	};
	rootObject = 6A1494EE1DACC37C0063F76E /* Project object */;
}
